
Microsoft Visual Studio Solution File, Format Version 12.00
# Visual Studio 14
VisualStudioVersion = 14.0.24720.0
MinimumVisualStudioVersion = 10.0.40219.1
Project("{FAE04EC0-301F-11D3-BF4B-00C04F79EFBC}") = "Tagger", "Tagger\Tagger.csproj", "{6848D4CF-13CD-49AC-AE06-780537DF76EC}"
	ProjectSection(ProjectDependencies) = postProject
		{8C7E3014-2BD3-49DA-9B83-812C1706AC8B} = {8C7E3014-2BD3-49DA-9B83-812C1706AC8B}
		{C75532C4-765B-418E-B09B-46D36B2ABDB1} = {C75532C4-765B-418E-B09B-46D36B2ABDB1}
	EndProjectSection
EndProject
Project("{FAE04EC0-301F-11D3-BF4B-00C04F79EFBC}") = "AutoUpdater", "AutoUpdater\AutoUpdater\AutoUpdater.csproj", "{8C7E3014-2BD3-49DA-9B83-812C1706AC8B}"
EndProject
Project("{FAE04EC0-301F-11D3-BF4B-00C04F79EFBC}") = "WinFormsUI", "WinFormsUI\WinFormsUI.csproj", "{C75532C4-765B-418E-B09B-46D36B2ABDB1}"
EndProject
Global
	GlobalSection(SolutionConfigurationPlatforms) = preSolution
		Debug|Any CPU = Debug|Any CPU
		Release|Any CPU = Release|Any CPU
	EndGlobalSection
	GlobalSection(ProjectConfigurationPlatforms) = postSolution
		{6848D4CF-13CD-49AC-AE06-780537DF76EC}.Debug|Any CPU.ActiveCfg = Debug|Any CPU
		{6848D4CF-13CD-49AC-AE06-780537DF76EC}.Debug|Any CPU.Build.0 = Debug|Any CPU
		{6848D4CF-13CD-49AC-AE06-780537DF76EC}.Release|Any CPU.ActiveCfg = Release|Any CPU
		{6848D4CF-13CD-49AC-AE06-780537DF76EC}.Release|Any CPU.Build.0 = Release|Any CPU
		{8C7E3014-2BD3-49DA-9B83-812C1706AC8B}.Debug|Any CPU.ActiveCfg = Debug|Any CPU
		{8C7E3014-2BD3-49DA-9B83-812C1706AC8B}.Debug|Any CPU.Build.0 = Debug|Any CPU
		{8C7E3014-2BD3-49DA-9B83-812C1706AC8B}.Release|Any CPU.ActiveCfg = Release|Any CPU
		{8C7E3014-2BD3-49DA-9B83-812C1706AC8B}.Release|Any CPU.Build.0 = Release|Any CPU
		{C75532C4-765B-418E-B09B-46D36B2ABDB1}.Debug|Any CPU.ActiveCfg = Debug|Any CPU
		{C75532C4-765B-418E-B09B-46D36B2ABDB1}.Debug|Any CPU.Build.0 = Debug|Any CPU
		{C75532C4-765B-418E-B09B-46D36B2ABDB1}.Release|Any CPU.ActiveCfg = Release|Any CPU
		{C75532C4-765B-418E-B09B-46D36B2ABDB1}.Release|Any CPU.Build.0 = Release|Any CPU
	EndGlobalSection
	GlobalSection(SolutionProperties) = preSolution
		HideSolutionNode = FALSE
	EndGlobalSection
EndGlobal
